
Microsoft Visual Studio Solution File, Format Version 12.00
# Visual Studio Version 16
VisualStudioVersion = 16.0.30907.101
MinimumVisualStudioVersion = 10.0.40219.1
Project("{9A19103F-16F7-4668-BE54-9A1E7A4F7556}") = "Fash.CLI", "Fash.CLI\Fash.CLI.csproj", "{A74D7B9F-E78B-453D-8A7E-C48ECB175642}"
EndProject
Project("{9A19103F-16F7-4668-BE54-9A1E7A4F7556}") = "Fash.Lib", "Fash.Lib\Fash.Lib.csproj", "{5033558F-7AF2-4523-A7BC-CBE7EB82826B}"
EndProject
Project("{FAE04EC0-301F-11D3-BF4B-00C04F79EFBC}") = "Fash.UI", "Fash.UI\Fash.UI.csproj", "{CC917757-66FC-4E95-936E-A650B91F6794}"
EndProject
Global
	GlobalSection(SolutionConfigurationPlatforms) = preSolution
		Debug|Any CPU = Debug|Any CPU
		Release|Any CPU = Release|Any CPU
	EndGlobalSection
	GlobalSection(ProjectConfigurationPlatforms) = postSolution
		{A74D7B9F-E78B-453D-8A7E-C48ECB175642}.Debug|Any CPU.ActiveCfg = Debug|Any CPU
		{A74D7B9F-E78B-453D-8A7E-C48ECB175642}.Debug|Any CPU.Build.0 = Debug|Any CPU
		{A74D7B9F-E78B-453D-8A7E-C48ECB175642}.Release|Any CPU.ActiveCfg = Release|Any CPU
		{A74D7B9F-E78B-453D-8A7E-C48ECB175642}.Release|Any CPU.Build.0 = Release|Any CPU
		{5033558F-7AF2-4523-A7BC-CBE7EB82826B}.Debug|Any CPU.ActiveCfg = Debug|Any CPU
		{5033558F-7AF2-4523-A7BC-CBE7EB82826B}.Debug|Any CPU.Build.0 = Debug|Any CPU
		{5033558F-7AF2-4523-A7BC-CBE7EB82826B}.Release|Any CPU.ActiveCfg = Release|Any CPU
		{5033558F-7AF2-4523-A7BC-CBE7EB82826B}.Release|Any CPU.Build.0 = Release|Any CPU
		{CC917757-66FC-4E95-936E-A650B91F6794}.Debug|Any CPU.ActiveCfg = Debug|Any CPU
		{CC917757-66FC-4E95-936E-A650B91F6794}.Debug|Any CPU.Build.0 = Debug|Any CPU
		{CC917757-66FC-4E95-936E-A650B91F6794}.Release|Any CPU.ActiveCfg = Release|Any CPU
		{CC917757-66FC-4E95-936E-A650B91F6794}.Release|Any CPU.Build.0 = Release|Any CPU
	EndGlobalSection
	GlobalSection(SolutionProperties) = preSolution
		HideSolutionNode = FALSE
	EndGlobalSection
	GlobalSection(ExtensibilityGlobals) = postSolution
		SolutionGuid = {EFC78EF7-B264-493A-9EF5-69D84B2821B9}
	EndGlobalSection
EndGlobal
